
Microsoft Visual Studio Solution File, Format Version 12.00
# Visual Studio Version 16
VisualStudioVersion = 16.0.31424.327
MinimumVisualStudioVersion = 10.0.40219.1
Project("{FAE04EC0-301F-11D3-BF4B-00C04F79EFBC}") = "Agence-Practical-Test", "Agence-Practical-Test.csproj", "{528D4C60-2938-461D-A1CA-505612203770}"
EndProject
Global
	GlobalSection(SolutionConfigurationPlatforms) = preSolution
		Debug|Any CPU = Debug|Any CPU
		Release|Any CPU = Release|Any CPU
	EndGlobalSection
	GlobalSection(ProjectConfigurationPlatforms) = postSolution
		{528D4C60-2938-461D-A1CA-505612203770}.Debug|Any CPU.ActiveCfg = Debug|Any CPU
		{528D4C60-2938-461D-A1CA-505612203770}.Debug|Any CPU.Build.0 = Debug|Any CPU
		{528D4C60-2938-461D-A1CA-505612203770}.Release|Any CPU.ActiveCfg = Release|Any CPU
		{528D4C60-2938-461D-A1CA-505612203770}.Release|Any CPU.Build.0 = Release|Any CPU
	EndGlobalSection
	GlobalSection(SolutionProperties) = preSolution
		HideSolutionNode = FALSE
	EndGlobalSection
	GlobalSection(ExtensibilityGlobals) = postSolution
		SolutionGuid = {49575F81-9BE0-48AA-8763-A8956646B3CF}
	EndGlobalSection
EndGlobal
